
Microsoft Visual Studio Solution File, Format Version 12.00
# Visual Studio Version 17
VisualStudioVersion = 17.5.002.0
MinimumVisualStudioVersion = 10.0.40219.1
Project("{9A19103F-16F7-4668-BE54-9A1E7A4F7556}") = "LibraryWebApp", "LibraryWebApp.csproj", "{18D16086-CE35-46D9-A812-1E7D2D9AB9A4}"
EndProject
Global
	GlobalSection(SolutionConfigurationPlatforms) = preSolution
		Debug|Any CPU = Debug|Any CPU
		Release|Any CPU = Release|Any CPU
	EndGlobalSection
	GlobalSection(ProjectConfigurationPlatforms) = postSolution
		{18D16086-CE35-46D9-A812-1E7D2D9AB9A4}.Debug|Any CPU.ActiveCfg = Debug|Any CPU
		{18D16086-CE35-46D9-A812-1E7D2D9AB9A4}.Debug|Any CPU.Build.0 = Debug|Any CPU
		{18D16086-CE35-46D9-A812-1E7D2D9AB9A4}.Release|Any CPU.ActiveCfg = Release|Any CPU
		{18D16086-CE35-46D9-A812-1E7D2D9AB9A4}.Release|Any CPU.Build.0 = Release|Any CPU
	EndGlobalSection
	GlobalSection(SolutionProperties) = preSolution
		HideSolutionNode = FALSE
	EndGlobalSection
	GlobalSection(ExtensibilityGlobals) = postSolution
		SolutionGuid = {DC3E4FB5-D5F0-4A45-9C39-8FBDC1F0E73A}
	EndGlobalSection
EndGlobal
